
Microsoft Visual Studio Solution File, Format Version 12.00
# Visual Studio Version 17
VisualStudioVersion = 17.10.35013.160
MinimumVisualStudioVersion = 10.0.40219.1
Project("{FAE04EC0-301F-11D3-BF4B-00C04F79EFBC}") = "Infrastructure", "Infrastructure\Infrastructure.csproj", "{39E2400A-F07A-4784-9248-B5CCD2F6A656}"
EndProject
Project("{FAE04EC0-301F-11D3-BF4B-00C04F79EFBC}") = "Core", "Core\Core.csproj", "{8577BF2B-DA35-4300-997F-B995E3729FBA}"
EndProject
Project("{FAE04EC0-301F-11D3-BF4B-00C04F79EFBC}") = "Application", "Application\Application.csproj", "{E9928D8B-9689-406A-83EA-97EAD0546B6D}"
EndProject
Project("{FAE04EC0-301F-11D3-BF4B-00C04F79EFBC}") = "Presentation", "Presentation\Presentation.csproj", "{C4DE3055-06A7-4798-9721-245599AB85D1}"
EndProject
Global
	GlobalSection(SolutionConfigurationPlatforms) = preSolution
		Debug|Any CPU = Debug|Any CPU
		Release|Any CPU = Release|Any CPU
	EndGlobalSection
	GlobalSection(ProjectConfigurationPlatforms) = postSolution
		{39E2400A-F07A-4784-9248-B5CCD2F6A656}.Debug|Any CPU.ActiveCfg = Debug|Any CPU
		{39E2400A-F07A-4784-9248-B5CCD2F6A656}.Debug|Any CPU.Build.0 = Debug|Any CPU
		{39E2400A-F07A-4784-9248-B5CCD2F6A656}.Release|Any CPU.ActiveCfg = Release|Any CPU
		{39E2400A-F07A-4784-9248-B5CCD2F6A656}.Release|Any CPU.Build.0 = Release|Any CPU
		{8577BF2B-DA35-4300-997F-B995E3729FBA}.Debug|Any CPU.ActiveCfg = Debug|Any CPU
		{8577BF2B-DA35-4300-997F-B995E3729FBA}.Debug|Any CPU.Build.0 = Debug|Any CPU
		{8577BF2B-DA35-4300-997F-B995E3729FBA}.Release|Any CPU.ActiveCfg = Release|Any CPU
		{8577BF2B-DA35-4300-997F-B995E3729FBA}.Release|Any CPU.Build.0 = Release|Any CPU
		{E9928D8B-9689-406A-83EA-97EAD0546B6D}.Debug|Any CPU.ActiveCfg = Debug|Any CPU
		{E9928D8B-9689-406A-83EA-97EAD0546B6D}.Debug|Any CPU.Build.0 = Debug|Any CPU
		{E9928D8B-9689-406A-83EA-97EAD0546B6D}.Release|Any CPU.ActiveCfg = Release|Any CPU
		{E9928D8B-9689-406A-83EA-97EAD0546B6D}.Release|Any CPU.Build.0 = Release|Any CPU
		{C4DE3055-06A7-4798-9721-245599AB85D1}.Debug|Any CPU.ActiveCfg = Debug|Any CPU
		{C4DE3055-06A7-4798-9721-245599AB85D1}.Debug|Any CPU.Build.0 = Debug|Any CPU
		{C4DE3055-06A7-4798-9721-245599AB85D1}.Release|Any CPU.ActiveCfg = Release|Any CPU
		{C4DE3055-06A7-4798-9721-245599AB85D1}.Release|Any CPU.Build.0 = Release|Any CPU
	EndGlobalSection
	GlobalSection(SolutionProperties) = preSolution
		HideSolutionNode = FALSE
	EndGlobalSection
	GlobalSection(ExtensibilityGlobals) = postSolution
		SolutionGuid = {1607C68C-CBB6-41B1-8651-71A5787EC4A7}
	EndGlobalSection
EndGlobal
